
Microsoft Visual Studio Solution File, Format Version 12.00
Project("{FAE04EC0-301F-11D3-BF4B-00C04F79EFBC}") = "Comments", "Comments\Comments.csproj", "{86B6725B-1224-441A-BD30-2BD2C7C53644}"
EndProject
Project("{FAE04EC0-301F-11D3-BF4B-00C04F79EFBC}") = "Comments.Test", "Comments.Test\Comments.Test.csproj", "{58A2DF33-7E3B-44B2-9ABC-5BAA958D4663}"
EndProject
Project("{FAE04EC0-301F-11D3-BF4B-00C04F79EFBC}") = "LongMethod", "LongMethod\LongMethod.csproj", "{9F26E0B3-DCCD-4478-9399-92ACEBA565C1}"
EndProject
Project("{FAE04EC0-301F-11D3-BF4B-00C04F79EFBC}") = "LongMethod.Test", "LongMethod.Test\LongMethod.Test.csproj", "{9C92813B-903B-4922-BEB6-B4C04B0B1988}"
EndProject
Project("{FAE04EC0-301F-11D3-BF4B-00C04F79EFBC}") = "DivergentChange", "DivergentChange\DivergentChange.csproj", "{D76CCC49-4EA4-497C-A7B3-B6B18F73102C}"
EndProject
Project("{FAE04EC0-301F-11D3-BF4B-00C04F79EFBC}") = "DivergentChange.Test", "DivergentChange.Test\DivergentChange.Test.csproj", "{7F61700B-3745-4834-9301-F31486A30E69}"
EndProject
Project("{FAE04EC0-301F-11D3-BF4B-00C04F79EFBC}") = "FeatureEnvy", "FeatureEnvy\FeatureEnvy.csproj", "{C86203AC-9E86-4D1F-88E8-F82AEBDDBFC9}"
EndProject
Project("{FAE04EC0-301F-11D3-BF4B-00C04F79EFBC}") = "FeatureEnvy.Test", "FeatureEnvy.Test\FeatureEnvy.Test.csproj", "{74CD934F-D05B-48BE-908E-43FDEA930CA8}"
EndProject
Project("{FAE04EC0-301F-11D3-BF4B-00C04F79EFBC}") = "Duplication", "Duplication\Duplication.csproj", "{B1723897-E11A-4AF1-B57A-B1BF65C06BCE}"
EndProject
Project("{FAE04EC0-301F-11D3-BF4B-00C04F79EFBC}") = "Duplication.Test", "Duplication.Test\Duplication.Test.csproj", "{340D4660-3B90-4AD3-A6F6-939113DA892B}"
EndProject
Project("{FAE04EC0-301F-11D3-BF4B-00C04F79EFBC}") = "LongParameterList", "LongParameterList\LongParameterList.csproj", "{3787313E-C80C-42F9-953D-729E8F560303}"
EndProject
Project("{FAE04EC0-301F-11D3-BF4B-00C04F79EFBC}") = "LongParameterList.Test", "LongParameterList.Test\LongParameterList.Test.csproj", "{BB782FC4-D490-4EFB-8E87-A348F9510560}"
EndProject
Global
	GlobalSection(SolutionConfigurationPlatforms) = preSolution
		Debug|Any CPU = Debug|Any CPU
		Release|Any CPU = Release|Any CPU
	EndGlobalSection
	GlobalSection(ProjectConfigurationPlatforms) = postSolution
		{86B6725B-1224-441A-BD30-2BD2C7C53644}.Debug|Any CPU.ActiveCfg = Debug|Any CPU
		{86B6725B-1224-441A-BD30-2BD2C7C53644}.Debug|Any CPU.Build.0 = Debug|Any CPU
		{86B6725B-1224-441A-BD30-2BD2C7C53644}.Release|Any CPU.ActiveCfg = Release|Any CPU
		{86B6725B-1224-441A-BD30-2BD2C7C53644}.Release|Any CPU.Build.0 = Release|Any CPU
		{58A2DF33-7E3B-44B2-9ABC-5BAA958D4663}.Debug|Any CPU.ActiveCfg = Debug|Any CPU
		{58A2DF33-7E3B-44B2-9ABC-5BAA958D4663}.Debug|Any CPU.Build.0 = Debug|Any CPU
		{58A2DF33-7E3B-44B2-9ABC-5BAA958D4663}.Release|Any CPU.ActiveCfg = Release|Any CPU
		{58A2DF33-7E3B-44B2-9ABC-5BAA958D4663}.Release|Any CPU.Build.0 = Release|Any CPU
		{9F26E0B3-DCCD-4478-9399-92ACEBA565C1}.Debug|Any CPU.ActiveCfg = Debug|Any CPU
		{9F26E0B3-DCCD-4478-9399-92ACEBA565C1}.Debug|Any CPU.Build.0 = Debug|Any CPU
		{9F26E0B3-DCCD-4478-9399-92ACEBA565C1}.Release|Any CPU.ActiveCfg = Release|Any CPU
		{9F26E0B3-DCCD-4478-9399-92ACEBA565C1}.Release|Any CPU.Build.0 = Release|Any CPU
		{9C92813B-903B-4922-BEB6-B4C04B0B1988}.Debug|Any CPU.ActiveCfg = Debug|Any CPU
		{9C92813B-903B-4922-BEB6-B4C04B0B1988}.Debug|Any CPU.Build.0 = Debug|Any CPU
		{9C92813B-903B-4922-BEB6-B4C04B0B1988}.Release|Any CPU.ActiveCfg = Release|Any CPU
		{9C92813B-903B-4922-BEB6-B4C04B0B1988}.Release|Any CPU.Build.0 = Release|Any CPU
		{D76CCC49-4EA4-497C-A7B3-B6B18F73102C}.Debug|Any CPU.ActiveCfg = Debug|Any CPU
		{D76CCC49-4EA4-497C-A7B3-B6B18F73102C}.Debug|Any CPU.Build.0 = Debug|Any CPU
		{D76CCC49-4EA4-497C-A7B3-B6B18F73102C}.Release|Any CPU.ActiveCfg = Release|Any CPU
		{D76CCC49-4EA4-497C-A7B3-B6B18F73102C}.Release|Any CPU.Build.0 = Release|Any CPU
		{7F61700B-3745-4834-9301-F31486A30E69}.Debug|Any CPU.ActiveCfg = Debug|Any CPU
		{7F61700B-3745-4834-9301-F31486A30E69}.Debug|Any CPU.Build.0 = Debug|Any CPU
		{7F61700B-3745-4834-9301-F31486A30E69}.Release|Any CPU.ActiveCfg = Release|Any CPU
		{7F61700B-3745-4834-9301-F31486A30E69}.Release|Any CPU.Build.0 = Release|Any CPU
		{C86203AC-9E86-4D1F-88E8-F82AEBDDBFC9}.Debug|Any CPU.ActiveCfg = Debug|Any CPU
		{C86203AC-9E86-4D1F-88E8-F82AEBDDBFC9}.Debug|Any CPU.Build.0 = Debug|Any CPU
		{C86203AC-9E86-4D1F-88E8-F82AEBDDBFC9}.Release|Any CPU.ActiveCfg = Release|Any CPU
		{C86203AC-9E86-4D1F-88E8-F82AEBDDBFC9}.Release|Any CPU.Build.0 = Release|Any CPU
		{74CD934F-D05B-48BE-908E-43FDEA930CA8}.Debug|Any CPU.ActiveCfg = Debug|Any CPU
		{74CD934F-D05B-48BE-908E-43FDEA930CA8}.Debug|Any CPU.Build.0 = Debug|Any CPU
		{74CD934F-D05B-48BE-908E-43FDEA930CA8}.Release|Any CPU.ActiveCfg = Release|Any CPU
		{74CD934F-D05B-48BE-908E-43FDEA930CA8}.Release|Any CPU.Build.0 = Release|Any CPU
		{B1723897-E11A-4AF1-B57A-B1BF65C06BCE}.Debug|Any CPU.ActiveCfg = Debug|Any CPU
		{B1723897-E11A-4AF1-B57A-B1BF65C06BCE}.Debug|Any CPU.Build.0 = Debug|Any CPU
		{B1723897-E11A-4AF1-B57A-B1BF65C06BCE}.Release|Any CPU.ActiveCfg = Release|Any CPU
		{B1723897-E11A-4AF1-B57A-B1BF65C06BCE}.Release|Any CPU.Build.0 = Release|Any CPU
		{340D4660-3B90-4AD3-A6F6-939113DA892B}.Debug|Any CPU.ActiveCfg = Debug|Any CPU
		{340D4660-3B90-4AD3-A6F6-939113DA892B}.Debug|Any CPU.Build.0 = Debug|Any CPU
		{340D4660-3B90-4AD3-A6F6-939113DA892B}.Release|Any CPU.ActiveCfg = Release|Any CPU
		{340D4660-3B90-4AD3-A6F6-939113DA892B}.Release|Any CPU.Build.0 = Release|Any CPU
		{3787313E-C80C-42F9-953D-729E8F560303}.Debug|Any CPU.ActiveCfg = Debug|Any CPU
		{3787313E-C80C-42F9-953D-729E8F560303}.Debug|Any CPU.Build.0 = Debug|Any CPU
		{3787313E-C80C-42F9-953D-729E8F560303}.Release|Any CPU.ActiveCfg = Release|Any CPU
		{3787313E-C80C-42F9-953D-729E8F560303}.Release|Any CPU.Build.0 = Release|Any CPU
		{BB782FC4-D490-4EFB-8E87-A348F9510560}.Debug|Any CPU.ActiveCfg = Debug|Any CPU
		{BB782FC4-D490-4EFB-8E87-A348F9510560}.Debug|Any CPU.Build.0 = Debug|Any CPU
		{BB782FC4-D490-4EFB-8E87-A348F9510560}.Release|Any CPU.ActiveCfg = Release|Any CPU
		{BB782FC4-D490-4EFB-8E87-A348F9510560}.Release|Any CPU.Build.0 = Release|Any CPU
	EndGlobalSection
EndGlobal
